Microsoft Visual Studio Solution File, Format Version 12.00
# Visual Studio 14
VisualStudioVersion = 14.0.25420.1
MinimumVisualStudioVersion = 10.0.40219.1
Project("{FAE04EC0-301F-11D3-BF4B-00C04F79EFBC}") = "BridgeBrowserCompatibilityAnalyzer", "BridgeBrowserCompatibilityAnalyzer\BridgeBrowserCompatibilityAnalyzer.csproj", "{1444E475-426B-409F-930B-DE0D839A3EB3}"
EndProject
Project("{FAE04EC0-301F-11D3-BF4B-00C04F79EFBC}") = "UnitTests", "UnitTests\UnitTests.csproj", "{EA68C3E4-D395-410B-91D9-60D55F346756}"
EndProject
Project("{FAE04EC0-301F-11D3-BF4B-00C04F79EFBC}") = "BridgeMock", "BridgeMock\BridgeMock.csproj", "{20FFDD73-073C-4A6A-A515-AAE26C8A91EE}"
EndProject
Global
	GlobalSection(SolutionConfigurationPlatforms) = preSolution
		Debug|Any CPU = Debug|Any CPU
		Release|Any CPU = Release|Any CPU
	EndGlobalSection
	GlobalSection(ProjectConfigurationPlatforms) = postSolution
		{1444E475-426B-409F-930B-DE0D839A3EB3}.Debug|Any CPU.ActiveCfg = Debug|Any CPU
		{1444E475-426B-409F-930B-DE0D839A3EB3}.Debug|Any CPU.Build.0 = Debug|Any CPU
		{1444E475-426B-409F-930B-DE0D839A3EB3}.Release|Any CPU.ActiveCfg = Release|Any CPU
		{1444E475-426B-409F-930B-DE0D839A3EB3}.Release|Any CPU.Build.0 = Release|Any CPU
		{EA68C3E4-D395-410B-91D9-60D55F346756}.Debug|Any CPU.ActiveCfg = Debug|Any CPU
		{EA68C3E4-D395-410B-91D9-60D55F346756}.Debug|Any CPU.Build.0 = Debug|Any CPU
		{EA68C3E4-D395-410B-91D9-60D55F346756}.Release|Any CPU.ActiveCfg = Release|Any CPU
		{EA68C3E4-D395-410B-91D9-60D55F346756}.Release|Any CPU.Build.0 = Release|Any CPU
		{20FFDD73-073C-4A6A-A515-AAE26C8A91EE}.Debug|Any CPU.ActiveCfg = Debug|Any CPU
		{20FFDD73-073C-4A6A-A515-AAE26C8A91EE}.Debug|Any CPU.Build.0 = Debug|Any CPU
		{20FFDD73-073C-4A6A-A515-AAE26C8A91EE}.Release|Any CPU.ActiveCfg = Release|Any CPU
		{20FFDD73-073C-4A6A-A515-AAE26C8A91EE}.Release|Any CPU.Build.0 = Release|Any CPU
	EndGlobalSection
	GlobalSection(SolutionProperties) = preSolution
		HideSolutionNode = FALSE
	EndGlobalSection
EndGlobal
